Microsoft Visual Studio Solution File, Format Version 12.00
# Visual Studio Version 17
VisualStudioVersion = 17.5.2.0
MinimumVisualStudioVersion = 10.0.40219.1
Project("{FAE04EC0-301F-11D3-BF4B-00C04F79EFBC}") = "Simple CRUD tutorial", "Simple CRUD tutorial.csproj", "{4634679C-7FEC-89EC-6F22-397135779507}"
EndProject
Global
	GlobalSection(SolutionConfigurationPlatforms) = preSolution
		Debug|Any CPU = Debug|Any CPU
		Release|Any CPU = Release|Any CPU
	EndGlobalSection
	GlobalSection(ProjectConfigurationPlatforms) = postSolution
		{4634679C-7FEC-89EC-6F22-397135779507}.Debug|Any CPU.ActiveCfg = Debug|Any CPU
		{4634679C-7FEC-89EC-6F22-397135779507}.Debug|Any CPU.Build.0 = Debug|Any CPU
		{4634679C-7FEC-89EC-6F22-397135779507}.Release|Any CPU.ActiveCfg = Release|Any CPU
		{4634679C-7FEC-89EC-6F22-397135779507}.Release|Any CPU.Build.0 = Release|Any CPU
	EndGlobalSection
	GlobalSection(SolutionProperties) = preSolution
		HideSolutionNode = FALSE
	EndGlobalSection
	GlobalSection(ExtensibilityGlobals) = postSolution
		SolutionGuid = {BD75FEB4-6585-42D2-994F-C43B0B8AABF3}
	EndGlobalSection
EndGlobal
